// !$*UTF8*$!
{
	archiveVersion = 1;
	classes = {
	};
	objectVersion = 50;
	objects = {

/* Begin PBXBuildFile section */
		2B8ED3D826B9A85100340069 /* AppDelegate.swift in Sources */ = {isa = PBXBuildFile; fileRef = 2B8ED3D726B9A85100340069 /* AppDelegate.swift */; };
		2B8ED3DA26B9A85100340069 /* SceneDelegate.swift in Sources */ = {isa = PBXBuildFile; fileRef = 2B8ED3D926B9A85100340069 /* SceneDelegate.swift */; };
		2B8ED3DC26B9A85100340069 /* ViewController.swift in Sources */ = {isa = PBXBuildFile; fileRef = 2B8ED3DB26B9A85100340069 /* ViewController.swift */; };
		2B8ED3DF26B9A85100340069 /* Main.storyboard in Resources */ = {isa = PBXBuildFile; fileRef = 2B8ED3DD26B9A85100340069 /* Main.storyboard */; };
		2B8ED3E126B9A85200340069 /* Assets.xcassets in Resources */ = {isa = PBXBuildFile; fileRef = 2B8ED3E026B9A85200340069 /* Assets.xcassets */; };
		2B8ED3E426B9A85200340069 /* LaunchScreen.storyboard in Resources */ = {isa = PBXBuildFile; fileRef = 2B8ED3E226B9A85200340069 /* LaunchScreen.storyboard */; };
		2B8ED3EF26B9A85200340069 /* PreworkTests.swift in Sources */ = {isa = PBXBuildFile; fileRef = 2B8ED3EE26B9A85200340069 /* PreworkTests.swift */; };
		2B8ED3FA26B9A85200340069 /* PreworkUITests.swift in Sources */ = {isa = PBXBuildFile; fileRef = 2B8ED3F926B9A85200340069 /* PreworkUITests.swift */; };
/* End PBXBuildFile section */

/* Begin PBXContainerItemProxy section */
		2B8ED3EB26B9A85200340069 /* PBXContainerItemProxy */ = {
			isa = PBXContainerItemProxy;
			containerPortal = 2B8ED3CC26B9A85100340069 /* Project object */;
			proxyType = 1;
			remoteGlobalIDString = 2B8ED3D326B9A85100340069;
			remoteInfo = Prework;
		};
		2B8ED3F626B9A85200340069 /* PBXContainerItemProxy */ = {
			isa = PBXContainerItemProxy;
			containerPortal = 2B8ED3CC26B9A85100340069 /* Project object */;
			proxyType = 1;
			remoteGlobalIDString = 2B8ED3D326B9A85100340069;
			remoteInfo = Prework;
		};
/* End PBXContainerItemProxy section */

/* Begin PBXFileReference section */
		2B8ED3D426B9A85100340069 /* Prework.app */ = {isa = PBXFileReference; explicitFileType = wrapper.application; includeInIndex = 0; path = Prework.app; sourceTree = BUILT_PRODUCTS_DIR; };
		2B8ED3D726B9A85100340069 /* AppDelegate.swift */ = {isa = PBXFileReference; lastKnownFileType = sourcecode.swift; path = AppDelegate.swift; sourceTree = "<group>"; };
		2B8ED3D926B9A85100340069 /* SceneDelegate.swift */ = {isa = PBXFileReference; lastKnownFileType = sourcecode.swift; path = SceneDelegate.swift; sourceTree = "<group>"; };
		2B8ED3DB26B9A85100340069 /* ViewController.swift */ = {isa = PBXFileReference; lastKnownFileType = sourcecode.swift; path = ViewController.swift; sourceTree = "<group>"; };
		2B8ED3DE26B9A85100340069 /* Base */ = {isa = PBXFileReference; lastKnownFileType = file.storyboard; name = Base; path = Base.lproj/Main.storyboard; sourceTree = "<group>"; };
		2B8ED3E026B9A85200340069 /* Assets.xcassets */ = {isa = PBXFileReference; lastKnownFileType = folder.assetcatalog; path = Assets.xcassets; sourceTree = "<group>"; };
		2B8ED3E326B9A85200340069 /* Base */ = {isa = PBXFileReference; lastKnownFileType = file.storyboard; name = Base; path = Base.lproj/LaunchScreen.storyboard; sourceTree = "<group>"; };
		2B8ED3E526B9A85200340069 /* Info.plist */ = {isa = PBXFileReference; lastKnownFileType = text.plist.xml; path = Info.plist; sourceTree = "<group>"; };
		2B8ED3EA26B9A85200340069 /* PreworkTests.xctest */ = {isa = PBXFileReference; explicitFileType = wrapper.cfbundle; includeInIndex = 0; path = PreworkTests.xctest; sourceTree = BUILT_PRODUCTS_DIR; };
		2B8ED3EE26B9A85200340069 /* PreworkTests.swift */ = {isa = PBXFileReference; lastKnownFileType = sourcecode.swift; path = PreworkTests.swift; sourceTree = "<group>"; };
		2B8ED3F026B9A85200340069 /* Info.plist */ = {isa = PBXFileReference; lastKnownFileType = text.plist.xml; path = Info.plist; sourceTree = "<group>"; };
		2B8ED3F526B9A85200340069 /* PreworkUITests.xctest */ = {isa = PBXFileReference; explicitFileType = wrapper.cfbundle; includeInIndex = 0; path = PreworkUITests.xctest; sourceTree = BUILT_PRODUCTS_DIR; };
		2B8ED3F926B9A85200340069 /* PreworkUITests.swift */ = {isa = PBXFileReference; lastKnownFileType = sourcecode.swift; path = PreworkUITests.swift; sourceTree = "<group>"; };
		2B8ED3FB26B9A85200340069 /* Info.plist */ = {isa = PBXFileReference; lastKnownFileType = text.plist.xml; path = Info.plist; sourceTree = "<group>"; };
/* End PBXFileReference section */

/* Begin PBXFrameworksBuildPhase section */
		2B8ED3D126B9A85100340069 /* Frameworks */ = {
			isa = PBXFrameworksBuildPhase;
			buildActionMask = 2147483647;
			files = (
			);
			runOnlyForDeploymentPostprocessing = 0;
		};
		2B8ED3E726B9A85200340069 /* Frameworks */ = {
			isa = PBXFrameworksBuildPhase;
			buildActionMask = 2147483647;
			files = (
			);
			runOnlyForDeploymentPostprocessing = 0;
		};
		2B8ED3F226B9A85200340069 /* Frameworks */ = {
			isa = PBXFrameworksBuildPhase;
			buildActionMask = 2147483647;
			files = (
			);
			runOnlyForDeploymentPostprocessing = 0;
		};
/* End PBXFrameworksBuildPhase section */

/* Begin PBXGroup section */
		2B8ED3CB26B9A85100340069 = {
			isa = PBXGroup;
			children = (
				2B8ED3D626B9A85100340069 /* Prework */,
				2B8ED3ED26B9A85200340069 /* PreworkTests */,
				2B8ED3F826B9A85200340069 /* PreworkUITests */,
				2B8ED3D526B9A85100340069 /* Products */,
			);
			sourceTree = "<group>";
		};
		2B8ED3D526B9A85100340069 /* Products */ = {
			isa = PBXGroup;
			children = (
				2B8ED3D426B9A85100340069 /* Prework.app */,
				2B8ED3EA26B9A85200340069 /* PreworkTests.xctest */,
				2B8ED3F526B9A85200340069 /* PreworkUITests.xctest */,
			);
			name = Products;
			sourceTree = "<group>";
		};
		2B8ED3D626B9A85100340069 /* Prework */ = {
			isa = PBXGroup;
			children = (
				2B8ED3D726B9A85100340069 /* AppDelegate.swift */,
				2B8ED3D926B9A85100340069 /* SceneDelegate.swift */,
				2B8ED3DB26B9A85100340069 /* ViewController.swift */,
				2B8ED3DD26B9A85100340069 /* Main.storyboard */,
				2B8ED3E026B9A85200340069 /* Assets.xcassets */,
				2B8ED3E226B9A85200340069 /* LaunchScreen.storyboard */,
				2B8ED3E526B9A85200340069 /* Info.plist */,
			);
			path = Prework;
			sourceTree = "<group>";
		};
		2B8ED3ED26B9A85200340069 /* PreworkTests */ = {
			isa = PBXGroup;
			children = (
				2B8ED3EE26B9A85200340069 /* PreworkTests.swift */,
				2B8ED3F026B9A85200340069 /* Info.plist */,
			);
			path = PreworkTests;
			sourceTree = "<group>";
		};
		2B8ED3F826B9A85200340069 /* PreworkUITests */ = {
			isa = PBXGroup;
			children = (
				2B8ED3F926B9A85200340069 /* PreworkUITests.swift */,
				2B8ED3FB26B9A85200340069 /* Info.plist */,
			);
			path = PreworkUITests;
			sourceTree = "<group>";
		};
/* End PBXGroup section */

/* Begin PBXNativeTarget section */
		2B8ED3D326B9A85100340069 /* Prework */ = {
			isa = PBXNativeTarget;
			buildConfigurationList = 2B8ED3FE26B9A85200340069 /* Build configuration list for PBXNativeTarget "Prework" */;
			buildPhases = (
				2B8ED3D026B9A85100340069 /* Sources */,
				2B8ED3D126B9A85100340069 /* Frameworks */,
				2B8ED3D226B9A85100340069 /* Resources */,
			);
			buildRules = (
			);
			dependencies = (
			);
			name = Prework;
			productName = Prework;
			productReference = 2B8ED3D426B9A85100340069 /* Prework.app */;
			productType = "com.apple.product-type.application";
		};
		2B8ED3E926B9A85200340069 /* PreworkTests */ = {
			isa = PBXNativeTarget;
			buildConfigurationList = 2B8ED40126B9A85200340069 /* Build configuration list for PBXNativeTarget "PreworkTests" */;
			buildPhases = (
				2B8ED3E626B9A85200340069 /* Sources */,
				2B8ED3E726B9A85200340069 /* Frameworks */,
				2B8ED3E826B9A85200340069 /* Resources */,
			);
			buildRules = (
			);
			dependencies = (
				2B8ED3EC26B9A85200340069 /* PBXTargetDependency */,
			);
			name = PreworkTests;
			productName = PreworkTests;
			productReference = 2B8ED3EA26B9A85200340069 /* PreworkTests.xctest */;
			productType = "com.apple.product-type.bundle.unit-test";
		};
		2B8ED3F426B9A85200340069 /* PreworkUITests */ = {
			isa = PBXNativeTarget;
			buildConfigurationList = 2B8ED40426B9A85200340069 /* Build configuration list for PBXNativeTarget "PreworkUITests" */;
			buildPhases = (
				2B8ED3F126B9A85200340069 /* Sources */,
				2B8ED3F226B9A85200340069 /* Frameworks */,
				2B8ED3F326B9A85200340069 /* Resources */,
			);
			buildRules = (
			);
			dependencies = (
				2B8ED3F726B9A85200340069 /* PBXTargetDependency */,
			);
			name = PreworkUITests;
			productName = PreworkUITests;
			productReference = 2B8ED3F526B9A85200340069 /* PreworkUITests.xctest */;
			productType = "com.apple.product-type.bundle.ui-testing";
		};
/* End PBXNativeTarget section */

/* Begin PBXProject section */
		2B8ED3CC26B9A85100340069 /* Project object */ = {
			isa = PBXProject;
			attributes = {
				LastSwiftUpdateCheck = 1250;
				LastUpgradeCheck = 1250;
				TargetAttributes = {
					2B8ED3D326B9A85100340069 = {
						CreatedOnToolsVersion = 12.5.1;
					};
					2B8ED3E926B9A85200340069 = {
						CreatedOnToolsVersion = 12.5.1;
						TestTargetID = 2B8ED3D326B9A85100340069;
					};
					2B8ED3F426B9A85200340069 = {
						CreatedOnToolsVersion = 12.5.1;
						TestTargetID = 2B8ED3D326B9A85100340069;
					};
				};
			};
			buildConfigurationList = 2B8ED3CF26B9A85100340069 /* Build configuration list for PBXProject "Prework" */;
			compatibilityVersion = "Xcode 9.3";
			developmentRegion = en;
			hasScannedForEncodings = 0;
			knownRegions = (
				en,
				Base,
			);
			mainGroup = 2B8ED3CB26B9A85100340069;
			productRefGroup = 2B8ED3D526B9A85100340069 /* Products */;
			projectDirPath = "";
			projectRoot = "";
			targets = (
				2B8ED3D326B9A85100340069 /* Prework */,
				2B8ED3E926B9A85200340069 /* PreworkTests */,
				2B8ED3F426B9A85200340069 /* PreworkUITests */,
			);
		};
/* End PBXProject section */

/* Begin PBXResourcesBuildPhase section */
		2B8ED3D226B9A85100340069 /* Resources */ = {
			isa = PBXResourcesBuildPhase;
			buildActionMask = 2147483647;
			files = (
				2B8ED3E426B9A85200340069 /* LaunchScreen.storyboard in Resources */,
				2B8ED3E126B9A85200340069 /* Assets.xcassets in Resources */,
				2B8ED3DF26B9A85100340069 /* Main.storyboard in Resources */,
			);
			runOnlyForDeploymentPostprocessing = 0;
		};
		2B8ED3E826B9A85200340069 /* Resources */ = {
			isa = PBXResourcesBuildPhase;
			buildActionMask = 2147483647;
			files = (
			);
			runOnlyForDeploymentPostprocessing = 0;
		};
		2B8ED3F326B9A85200340069 /* Resources */ = {
			isa = PBXResourcesBuildPhase;
			buildActionMask = 2147483647;
			files = (
			);
			runOnlyForDeploymentPostprocessing = 0;
		};
/* End PBXResourcesBuildPhase section */

/* Begin PBXSourcesBuildPhase section */
		2B8ED3D026B9A85100340069 /* Sources */ = {
			isa = PBXSourcesBuildPhase;
			buildActionMask = 2147483647;
			files = (
				2B8ED3DC26B9A85100340069 /* ViewController.swift in Sources */,
				2B8ED3D826B9A85100340069 /* AppDelegate.swift in Sources */,
				2B8ED3DA26B9A85100340069 /* SceneDelegate.swift in Sources */,
			);
			runOnlyForDeploymentPostprocessing = 0;
		};
		2B8ED3E626B9A85200340069 /* Sources */ = {
			isa = PBXSourcesBuildPhase;
			buildActionMask = 2147483647;
			files = (
				2B8ED3EF26B9A85200340069 /* PreworkTests.swift in Sources */,
			);
			runOnlyForDeploymentPostprocessing = 0;
		};
		2B8ED3F126B9A85200340069 /* Sources */ = {
			isa = PBXSourcesBuildPhase;
			buildActionMask = 2147483647;
			files = (
				2B8ED3FA26B9A85200340069 /* PreworkUITests.swift in Sources */,
			);
			runOnlyForDeploymentPostprocessing = 0;
		};
/* End PBXSourcesBuildPhase section */

/* Begin PBXTargetDependency section */
		2B8ED3EC26B9A85200340069 /* PBXTargetDependency */ = {
			isa = PBXTargetDependency;
			target = 2B8ED3D326B9A85100340069 /* Prework */;
			targetProxy = 2B8ED3EB26B9A85200340069 /* PBXContainerItemProxy */;
		};
		2B8ED3F726B9A85200340069 /* PBXTargetDependency */ = {
			isa = PBXTargetDependency;
			target = 2B8ED3D326B9A85100340069 /* Prework */;
			targetProxy = 2B8ED3F626B9A85200340069 /* PBXContainerItemProxy */;
		};
/* End PBXTargetDependency section */

/* Begin PBXVariantGroup section */
		2B8ED3DD26B9A85100340069 /* Main.storyboard */ = {
			isa = PBXVariantGroup;
			children = (
				2B8ED3DE26B9A85100340069 /* Base */,
			);
			name = Main.storyboard;
			sourceTree = "<group>";
		};
		2B8ED3E226B9A85200340069 /* LaunchScreen.storyboard */ = {
			isa = PBXVariantGroup;
			children = (
				2B8ED3E326B9A85200340069 /* Base */,
			);
			name = LaunchScreen.storyboard;
			sourceTree = "<group>";
		};
/* End PBXVariantGroup section */

/* Begin XCBuildConfiguration section */
		2B8ED3FC26B9A85200340069 /* Debug */ = {
			isa = XCBuildConfiguration;
			buildSettings = {
				ALWAYS_SEARCH_USER_PATHS = NO;
				CLANG_ANALYZER_NONNULL = YES;
				CLANG_ANALYZER_NUMBER_OBJECT_CONVERSION = YES_AGGRESSIVE;
				CLANG_CXX_LANGUAGE_STANDARD = "gnu++14";
				CLANG_CXX_LIBRARY = "libc++";
				CLANG_ENABLE_MODULES = YES;
				CLANG_ENABLE_OBJC_ARC = YES;
				CLANG_ENABLE_OBJC_WEAK = YES;
				CLANG_WARN_BLOCK_CAPTURE_AUTORELEASING = YES;
				CLANG_WARN_BOOL_CONVERSION = YES;
				CLANG_WARN_COMMA = YES;
				CLANG_WARN_CONSTANT_CONVERSION = YES;
				CLANG_WARN_DEPRECATED_OBJC_IMPLEMENTATIONS = YES;
				CLANG_WARN_DIRECT_OBJC_ISA_USAGE = YES_ERROR;
				CLANG_WARN_DOCUMENTATION_COMMENTS = YES;
				CLANG_WARN_EMPTY_BODY = YES;
				CLANG_WARN_ENUM_CONVERSION = YES;
				CLANG_WARN_INFINITE_RECURSION = YES;
				CLANG_WARN_INT_CONVERSION = YES;
				CLANG_WARN_NON_LITERAL_NULL_CONVERSION = YES;
				CLANG_WARN_OBJC_IMPLICIT_RETAIN_SELF = YES;
				CLANG_WARN_OBJC_LITERAL_CONVERSION = YES;
				CLANG_WARN_OBJC_ROOT_CLASS = YES_ERROR;
				CLANG_WARN_QUOTED_INCLUDE_IN_FRAMEWORK_HEADER = YES;
				CLANG_WARN_RANGE_LOOP_ANALYSIS = YES;
				CLANG_WARN_STRICT_PROTOTYPES = YES;
				CLANG_WARN_SUSPICIOUS_MOVE = YES;
				CLANG_WARN_UNGUARDED_AVAILABILITY = YES_AGGRESSIVE;
				CLANG_WARN_UNREACHABLE_CODE = YES;
				CLANG_WARN__DUPLICATE_METHOD_MATCH = YES;
				COPY_PHASE_STRIP = NO;
				DEBUG_INFORMATION_FORMAT = dwarf;
				ENABLE_STRICT_OBJC_MSGSEND = YES;
				ENABLE_TESTABILITY = YES;
				GCC_C_LANGUAGE_STANDARD = gnu11;
				GCC_DYNAMIC_NO_PIC = NO;
				GCC_NO_COMMON_BLOCKS = YES;
				GCC_OPTIMIZATION_LEVEL = 0;
				GCC_PREPROCESSOR_DEFINITIONS = (
					"DEBUG=1",
					"$(inherited)",
				);
				GCC_WARN_64_TO_32_BIT_CONVERSION = YES;
				GCC_WARN_ABOUT_RETURN_TYPE = YES_ERROR;
				GCC_WARN_UNDECLARED_SELECTOR = YES;
				GCC_WARN_UNINITIALIZED_AUTOS = YES_AGGRESSIVE;
				GCC_WARN_UNUSED_FUNCTION = YES;
				GCC_WARN_UNUSED_VARIABLE = YES;
				IPHONEOS_DEPLOYMENT_TARGET = 14.5;
				MTL_ENABLE_DEBUG_INFO = INCLUDE_SOURCE;
				MTL_FAST_MATH = YES;
				ONLY_ACTIVE_ARCH = YES;
				SDKROOT = iphoneos;
				SWIFT_ACTIVE_COMPILATION_CONDITIONS = DEBUG;
				SWIFT_OPTIMIZATION_LEVEL = "-Onone";
			};
			name = Debug;
		};
		2B8ED3FD26B9A85200340069 /* Release */ = {
			isa = XCBuildConfiguration;
			buildSettings = {
				ALWAYS_SEARCH_USER_PATHS = NO;
				CLANG_ANALYZER_NONNULL = YES;
				CLANG_ANALYZER_NUMBER_OBJECT_CONVERSION = YES_AGGRESSIVE;
				CLANG_CXX_LANGUAGE_STANDARD = "gnu++14";
				CLANG_CXX_LIBRARY = "libc++";
				CLANG_ENABLE_MODULES = YES;
				CLANG_ENABLE_OBJC_ARC = YES;
				CLANG_ENABLE_OBJC_WEAK = YES;
				CLANG_WARN_BLOCK_CAPTURE_AUTORELEASING = YES;
				CLANG_WARN_BOOL_CONVERSION = YES;
				CLANG_WARN_COMMA = YES;
				CLANG_WARN_CONSTANT_CONVERSION = YES;
				CLANG_WARN_DEPRECATED_OBJC_IMPLEMENTATIONS = YES;
				CLANG_WARN_DIRECT_OBJC_ISA_USAGE = YES_ERROR;
				CLANG_WARN_DOCUMENTATION_COMMENTS = YES;
				CLANG_WARN_EMPTY_BODY = YES;
				CLANG_WARN_ENUM_CONVERSION = YES;
				CLANG_WARN_INFINITE_RECURSION = YES;
				CLANG_WARN_INT_CONVERSION = YES;
				CLANG_WARN_NON_LITERAL_NULL_CONVERSION = YES;
				CLANG_WARN_OBJC_IMPLICIT_RETAIN_SELF = YES;
				CLANG_WARN_OBJC_LITERAL_CONVERSION = YES;
				CLANG_WARN_OBJC_ROOT_CLASS = YES_ERROR;
				CLANG_WARN_QUOTED_INCLUDE_IN_FRAMEWORK_HEADER = YES;
				CLANG_WARN_RANGE_LOOP_ANALYSIS = YES;
				CLANG_WARN_STRICT_PROTOTYPES = YES;
				CLANG_WARN_SUSPICIOUS_MOVE = YES;
				CLANG_WARN_UNGUARDED_AVAILABILITY = YES_AGGRESSIVE;
				CLANG_WARN_UNREACHABLE_CODE = YES;
				CLANG_WARN__DUPLICATE_METHOD_MATCH = YES;
				COPY_PHASE_STRIP = NO;
				DEBUG_INFORMATION_FORMAT = "dwarf-with-dsym";
				ENABLE_NS_ASSERTIONS = NO;
				ENABLE_STRICT_OBJC_MSGSEND = YES;
				GCC_C_LANGUAGE_STANDARD = gnu11;
				GCC_NO_COMMON_BLOCKS = YES;
				GCC_WARN_64_TO_32_BIT_CONVERSION = YES;
				GCC_WARN_ABOUT_RETURN_TYPE = YES_ERROR;
				GCC_WARN_UNDECLARED_SELECTOR = YES;
				GCC_WARN_UNINITIALIZED_AUTOS = YES_AGGRESSIVE;
				GCC_WARN_UNUSED_FUNCTION = YES;
				GCC_WARN_UNUSED_VARIABLE = YES;
				IPHONEOS_DEPLOYMENT_TARGET = 14.5;
				MTL_ENABLE_DEBUG_INFO = NO;
				MTL_FAST_MATH = YES;
				SDKROOT = iphoneos;
				SWIFT_COMPILATION_MODE = wholemodule;
				SWIFT_OPTIMIZATION_LEVEL = "-O";
				VALIDATE_PRODUCT = YES;
			};
			name = Release;
		};
		2B8ED3FF26B9A85200340069 /* Debug */ = {
			isa = XCBuildConfiguration;
			buildSettings = {
				ASSETCATALOG_COMPILER_APPICON_NAME = AppIcon;
				ASSETCATALOG_COMPILER_GLOBAL_ACCENT_COLOR_NAME = AccentColor;
				CODE_SIGN_STYLE = Automatic;
				INFOPLIST_FILE = Prework/Info.plist;
				LD_RUNPATH_SEARCH_PATHS = (
					"$(inherited)",
					"@executable_path/Frameworks",
				);
				PRODUCT_BUNDLE_IDENTIFIER = memo.com.Prework;
				PRODUCT_NAME = "$(TARGET_NAME)";
				SWIFT_VERSION = 5.0;
				TARGETED_DEVICE_FAMILY = "1,2";
			};
			name = Debug;
		};
		2B8ED40026B9A85200340069 /* Release */ = {
			isa = XCBuildConfiguration;
			buildSettings = {
				ASSETCATALOG_COMPILER_APPICON_NAME = AppIcon;
				ASSETCATALOG_COMPILER_GLOBAL_ACCENT_COLOR_NAME = AccentColor;
				CODE_SIGN_STYLE = Automatic;
				INFOPLIST_FILE = Prework/Info.plist;
				LD_RUNPATH_SEARCH_PATHS = (
					"$(inherited)",
					"@executable_path/Frameworks",
				);
				PRODUCT_BUNDLE_IDENTIFIER = memo.com.Prework;
				PRODUCT_NAME = "$(TARGET_NAME)";
				SWIFT_VERSION = 5.0;
				TARGETED_DEVICE_FAMILY = "1,2";
			};
			name = Release;
		};
		2B8ED40226B9A85200340069 /* Debug */ = {
			isa = XCBuildConfiguration;
			buildSettings = {
				ALWAYS_EMBED_SWIFT_STANDARD_LIBRARIES = YES;
				BUNDLE_LOADER = "$(TEST_HOST)";
				CODE_SIGN_STYLE = Automatic;
				INFOPLIST_FILE = PreworkTests/Info.plist;
				IPHONEOS_DEPLOYMENT_TARGET = 14.5;
				LD_RUNPATH_SEARCH_PATHS = (
					"$(inherited)",
					"@executable_path/Frameworks",
					"@loader_path/Frameworks",
				);
				PRODUCT_BUNDLE_IDENTIFIER = memo.com.PreworkTests;
				PRODUCT_NAME = "$(TARGET_NAME)";
				SWIFT_VERSION = 5.0;
				TARGETED_DEVICE_FAMILY = "1,2";
				TEST_HOST = "$(BUILT_PRODUCTS_DIR)/Prework.app/Prework";
			};
			name = Debug;
		};
		2B8ED40326B9A85200340069 /* Release */ = {
			isa = XCBuildConfiguration;
			buildSettings = {
				ALWAYS_EMBED_SWIFT_STANDARD_LIBRARIES = YES;
				BUNDLE_LOADER = "$(TEST_HOST)";
				CODE_SIGN_STYLE = Automatic;
				INFOPLIST_FILE = PreworkTests/Info.plist;
				IPHONEOS_DEPLOYMENT_TARGET = 14.5;
				LD_RUNPATH_SEARCH_PATHS = (
					"$(inherited)",
					"@executable_path/Frameworks",
					"@loader_path/Frameworks",
				);
				PRODUCT_BUNDLE_IDENTIFIER = memo.com.PreworkTests;
				PRODUCT_NAME = "$(TARGET_NAME)";
				SWIFT_VERSION = 5.0;
				TARGETED_DEVICE_FAMILY = "1,2";
				TEST_HOST = "$(BUILT_PRODUCTS_DIR)/Prework.app/Prework";
			};
			name = Release;
		};
		2B8ED40526B9A85200340069 /* Debug */ = {
			isa = XCBuildConfiguration;
			buildSettings = {
				ALWAYS_EMBED_SWIFT_STANDARD_LIBRARIES = YES;
				CODE_SIGN_STYLE = Automatic;
				INFOPLIST_FILE = PreworkUITests/Info.plist;
				LD_RUNPATH_SEARCH_PATHS = (
					"$(inherited)",
					"@executable_path/Frameworks",
					"@loader_path/Frameworks",
				);
				PRODUCT_BUNDLE_IDENTIFIER = memo.com.PreworkUITests;
				PRODUCT_NAME = "$(TARGET_NAME)";
				SWIFT_VERSION = 5.0;
				TARGETED_DEVICE_FAMILY = "1,2";
				TEST_TARGET_NAME = Prework;
			};
			name = Debug;
		};
		2B8ED40626B9A85200340069 /* Release */ = {
			isa = XCBuildConfiguration;
			buildSettings = {
				ALWAYS_EMBED_SWIFT_STANDARD_LIBRARIES = YES;
				CODE_SIGN_STYLE = Automatic;
				INFOPLIST_FILE = PreworkUITests/Info.plist;
				LD_RUNPATH_SEARCH_PATHS = (
					"$(inherited)",
					"@executable_path/Frameworks",
					"@loader_path/Frameworks",
				);
				PRODUCT_BUNDLE_IDENTIFIER = memo.com.PreworkUITests;
				PRODUCT_NAME = "$(TARGET_NAME)";
				SWIFT_VERSION = 5.0;
				TARGETED_DEVICE_FAMILY = "1,2";
				TEST_TARGET_NAME = Prework;
			};
			name = Release;
		};
/* End XCBuildConfiguration section */

/* Begin XCConfigurationList section */
		2B8ED3CF26B9A85100340069 /* Build configuration list for PBXProject "Prework" */ = {
			isa = XCConfigurationList;
			buildConfigurations = (
				2B8ED3FC26B9A85200340069 /* Debug */,
				2B8ED3FD26B9A85200340069 /* Release */,
			);
			defaultConfigurationIsVisible = 0;
			defaultConfigurationName = Release;
		};
		2B8ED3FE26B9A85200340069 /* Build configuration list for PBXNativeTarget "Prework" */ = {
			isa = XCConfigurationList;
			buildConfigurations = (
				2B8ED3FF26B9A85200340069 /* Debug */,
				2B8ED40026B9A85200340069 /* Release */,
			);
			defaultConfigurationIsVisible = 0;
			defaultConfigurationName = Release;
		};
		2B8ED40126B9A85200340069 /* Build configuration list for PBXNativeTarget "PreworkTests" */ = {
			isa = XCConfigurationList;
			buildConfigurations = (
				2B8ED40226B9A85200340069 /* Debug */,
				2B8ED40326B9A85200340069 /* Release */,
			);
			defaultConfigurationIsVisible = 0;
			defaultConfigurationName = Release;
		};
		2B8ED40426B9A85200340069 /* Build configuration list for PBXNativeTarget "PreworkUITests" */ = {
			isa = XCConfigurationList;
			buildConfigurations = (
				2B8ED40526B9A85200340069 /* Debug */,
				2B8ED40626B9A85200340069 /* Release */,
			);
			defaultConfigurationIsVisible = 0;
			defaultConfigurationName = Release;
		};
/* End XCConfigurationList section */
	};
	rootObject = 2B8ED3CC26B9A85100340069 /* Project object */;
}
